
Microsoft Visual Studio Solution File, Format Version 12.00
# Visual Studio 14
VisualStudioVersion = 14.0.23107.0
MinimumVisualStudioVersion = 10.0.40219.1
Project("{FAE04EC0-301F-11D3-BF4B-00C04F79EFBC}") = "Touch.ServiceModel", "Touch.ServiceModel\Touch.ServiceModel.csproj", "{9A5BBDD8-28A5-40CF-8AFD-8A8A81D0E130}"
EndProject
Project("{FAE04EC0-301F-11D3-BF4B-00C04F79EFBC}") = "Touch.ServiceModel.Authentication", "Touch.ServiceModel.Authentication\Touch.ServiceModel.Authentication.csproj", "{E8EAC68D-709E-4E36-A8BE-B301030286B9}"
EndProject
Project("{FAE04EC0-301F-11D3-BF4B-00C04F79EFBC}") = "ImageResizer.Touch", "ImageResizer.Touch\ImageResizer.Touch.csproj", "{146C9D0F-A47E-4923-9F27-D00F3FB520C8}"
EndProject
Project("{FAE04EC0-301F-11D3-BF4B-00C04F79EFBC}") = "Touch.ServiceModel.Caching", "Touch.ServiceModel.Caching\Touch.ServiceModel.Caching.csproj", "{1EB9D8B8-1FAF-4E53-B43B-57623B35CC17}"
EndProject
Project("{FAE04EC0-301F-11D3-BF4B-00C04F79EFBC}") = "Touch.ServiceModel.NHibernate", "Touch.ServiceModel.NHibernate\Touch.ServiceModel.NHibernate.csproj", "{BA5A7F1C-C52C-40A6-9F8B-C79AEFB70C3D}"
EndProject
Global
	GlobalSection(SolutionConfigurationPlatforms) = preSolution
		Debug|Any CPU = Debug|Any CPU
		Release|Any CPU = Release|Any CPU
	EndGlobalSection
	GlobalSection(ProjectConfigurationPlatforms) = postSolution
		{9A5BBDD8-28A5-40CF-8AFD-8A8A81D0E130}.Debug|Any CPU.ActiveCfg = Debug|Any CPU
		{9A5BBDD8-28A5-40CF-8AFD-8A8A81D0E130}.Debug|Any CPU.Build.0 = Debug|Any CPU
		{9A5BBDD8-28A5-40CF-8AFD-8A8A81D0E130}.Release|Any CPU.ActiveCfg = Release|Any CPU
		{9A5BBDD8-28A5-40CF-8AFD-8A8A81D0E130}.Release|Any CPU.Build.0 = Release|Any CPU
		{E8EAC68D-709E-4E36-A8BE-B301030286B9}.Debug|Any CPU.ActiveCfg = Debug|Any CPU
		{E8EAC68D-709E-4E36-A8BE-B301030286B9}.Debug|Any CPU.Build.0 = Debug|Any CPU
		{E8EAC68D-709E-4E36-A8BE-B301030286B9}.Release|Any CPU.ActiveCfg = Release|Any CPU
		{E8EAC68D-709E-4E36-A8BE-B301030286B9}.Release|Any CPU.Build.0 = Release|Any CPU
		{146C9D0F-A47E-4923-9F27-D00F3FB520C8}.Debug|Any CPU.ActiveCfg = Debug|Any CPU
		{146C9D0F-A47E-4923-9F27-D00F3FB520C8}.Debug|Any CPU.Build.0 = Debug|Any CPU
		{146C9D0F-A47E-4923-9F27-D00F3FB520C8}.Release|Any CPU.ActiveCfg = Release|Any CPU
		{146C9D0F-A47E-4923-9F27-D00F3FB520C8}.Release|Any CPU.Build.0 = Release|Any CPU
		{1EB9D8B8-1FAF-4E53-B43B-57623B35CC17}.Debug|Any CPU.ActiveCfg = Debug|Any CPU
		{1EB9D8B8-1FAF-4E53-B43B-57623B35CC17}.Debug|Any CPU.Build.0 = Debug|Any CPU
		{1EB9D8B8-1FAF-4E53-B43B-57623B35CC17}.Release|Any CPU.ActiveCfg = Release|Any CPU
		{1EB9D8B8-1FAF-4E53-B43B-57623B35CC17}.Release|Any CPU.Build.0 = Release|Any CPU
		{BA5A7F1C-C52C-40A6-9F8B-C79AEFB70C3D}.Debug|Any CPU.ActiveCfg = Debug|Any CPU
		{BA5A7F1C-C52C-40A6-9F8B-C79AEFB70C3D}.Debug|Any CPU.Build.0 = Debug|Any CPU
		{BA5A7F1C-C52C-40A6-9F8B-C79AEFB70C3D}.Release|Any CPU.ActiveCfg = Release|Any CPU
		{BA5A7F1C-C52C-40A6-9F8B-C79AEFB70C3D}.Release|Any CPU.Build.0 = Release|Any CPU
	EndGlobalSection
	GlobalSection(SolutionProperties) = preSolution
		HideSolutionNode = FALSE
	EndGlobalSection
EndGlobal
